
Microsoft Visual Studio Solution File, Format Version 12.00
# Visual Studio Version 17
VisualStudioVersion = 17.8.34408.163
MinimumVisualStudioVersion = 10.0.40219.1
Project("{FAE04EC0-301F-11D3-BF4B-00C04F79EFBC}") = "WpfApp1", "WpfApp1\WpfApp1.csproj", "{0617CBE1-3F66-4C87-869A-88277ACBAE0D}"
EndProject
Global
	GlobalSection(SolutionConfigurationPlatforms) = preSolution
		Debug|Any CPU = Debug|Any CPU
		Release|Any CPU = Release|Any CPU
	EndGlobalSection
	GlobalSection(ProjectConfigurationPlatforms) = postSolution
		{0617CBE1-3F66-4C87-869A-88277ACBAE0D}.Debug|Any CPU.ActiveCfg = Debug|Any CPU
		{0617CBE1-3F66-4C87-869A-88277ACBAE0D}.Debug|Any CPU.Build.0 = Debug|Any CPU
		{0617CBE1-3F66-4C87-869A-88277ACBAE0D}.Release|Any CPU.ActiveCfg = Release|Any CPU
		{0617CBE1-3F66-4C87-869A-88277ACBAE0D}.Release|Any CPU.Build.0 = Release|Any CPU
	EndGlobalSection
	GlobalSection(SolutionProperties) = preSolution
		HideSolutionNode = FALSE
	EndGlobalSection
	GlobalSection(ExtensibilityGlobals) = postSolution
		SolutionGuid = {CF00FCFF-4DEB-4833-9B8E-1207C81510B5}
	EndGlobalSection
EndGlobal
